// !$*UTF8*$!
{
	archiveVersion = 1;
	classes = {
	};
	objectVersion = 50;
	objects = {

/* Begin PBXBuildFile section */
		F3C6FBE32281B48D007DE0F2 /* AppDelegate.swift in Sources */ = {isa = PBXBuildFile; fileRef = F3C6FBE22281B48D007DE0F2 /* AppDelegate.swift */; };
		F3C6FBE52281B48D007DE0F2 /* ViewController.swift in Sources */ = {isa = PBXBuildFile; fileRef = F3C6FBE42281B48D007DE0F2 /* ViewController.swift */; };
		F3C6FBE82281B48D007DE0F2 /* Main.storyboard in Resources */ = {isa = PBXBuildFile; fileRef = F3C6FBE62281B48D007DE0F2 /* Main.storyboard */; };
		F3C6FBEA2281B48F007DE0F2 /* Assets.xcassets in Resources */ = {isa = PBXBuildFile; fileRef = F3C6FBE92281B48F007DE0F2 /* Assets.xcassets */; };
		F3C6FBED2281B48F007DE0F2 /* LaunchScreen.storyboard in Resources */ = {isa = PBXBuildFile; fileRef = F3C6FBEB2281B48F007DE0F2 /* LaunchScreen.storyboard */; };
		F3C6FBFA2281B690007DE0F2 /* Graphus.framework in Frameworks */ = {isa = PBXBuildFile; fileRef = F3C6FBF92281B689007DE0F2 /* Graphus.framework */; };
		F3C6FBFB2281B690007DE0F2 /* Graphus.framework in Embed Frameworks */ = {isa = PBXBuildFile; fileRef = F3C6FBF92281B689007DE0F2 /* Graphus.framework */; settings = {ATTRIBUTES = (CodeSignOnCopy, RemoveHeadersOnCopy, ); }; };
		F3C6FC012281B730007DE0F2 /* Author.swift in Sources */ = {isa = PBXBuildFile; fileRef = F3C6FC002281B730007DE0F2 /* Author.swift */; };
		F3C6FC032281B77B007DE0F2 /* Book.swift in Sources */ = {isa = PBXBuildFile; fileRef = F3C6FC022281B77B007DE0F2 /* Book.swift */; };
/* End PBXBuildFile section */

/* Begin PBXContainerItemProxy section */
		F3C6FBF82281B689007DE0F2 /* PBXContainerItemProxy */ = {
			isa = PBXContainerItemProxy;
			containerPortal = F3C6FBF42281B689007DE0F2 /* Graphus.xcodeproj */;
			proxyType = 2;
			remoteGlobalIDString = F3DA0D6E226E05D30018ED47;
			remoteInfo = Graphus;
		};
		F3C6FBFC2281B690007DE0F2 /* PBXContainerItemProxy */ = {
			isa = PBXContainerItemProxy;
			containerPortal = F3C6FBF42281B689007DE0F2 /* Graphus.xcodeproj */;
			proxyType = 1;
			remoteGlobalIDString = F3DA0D6D226E05D30018ED47;
			remoteInfo = Graphus;
		};
/* End PBXContainerItemProxy section */

/* Begin PBXCopyFilesBuildPhase section */
		F3C6FBFE2281B690007DE0F2 /* Embed Frameworks */ = {
			isa = PBXCopyFilesBuildPhase;
			buildActionMask = 2147483647;
			dstPath = "";
			dstSubfolderSpec = 10;
			files = (
				F3C6FBFB2281B690007DE0F2 /* Graphus.framework in Embed Frameworks */,
			);
			name = "Embed Frameworks";
			runOnlyForDeploymentPostprocessing = 0;
		};
/* End PBXCopyFilesBuildPhase section */

/* Begin PBXFileReference section */
		F3C6FBDF2281B48D007DE0F2 /* Graphus-Demo.app */ = {isa = PBXFileReference; explicitFileType = wrapper.application; includeInIndex = 0; path = "Graphus-Demo.app"; sourceTree = BUILT_PRODUCTS_DIR; };
		F3C6FBE22281B48D007DE0F2 /* AppDelegate.swift */ = {isa = PBXFileReference; lastKnownFileType = sourcecode.swift; path = AppDelegate.swift; sourceTree = "<group>"; };
		F3C6FBE42281B48D007DE0F2 /* ViewController.swift */ = {isa = PBXFileReference; lastKnownFileType = sourcecode.swift; path = ViewController.swift; sourceTree = "<group>"; };
		F3C6FBE72281B48D007DE0F2 /* Base */ = {isa = PBXFileReference; lastKnownFileType = file.storyboard; name = Base; path = Base.lproj/Main.storyboard; sourceTree = "<group>"; };
		F3C6FBE92281B48F007DE0F2 /* Assets.xcassets */ = {isa = PBXFileReference; lastKnownFileType = folder.assetcatalog; path = Assets.xcassets; sourceTree = "<group>"; };
		F3C6FBEC2281B48F007DE0F2 /* Base */ = {isa = PBXFileReference; lastKnownFileType = file.storyboard; name = Base; path = Base.lproj/LaunchScreen.storyboard; sourceTree = "<group>"; };
		F3C6FBEE2281B48F007DE0F2 /* Info.plist */ = {isa = PBXFileReference; lastKnownFileType = text.plist.xml; path = Info.plist; sourceTree = "<group>"; };
		F3C6FBF42281B689007DE0F2 /* Graphus.xcodeproj */ = {isa = PBXFileReference; lastKnownFileType = "wrapper.pb-project"; name = Graphus.xcodeproj; path = ../Graphus.xcodeproj; sourceTree = "<group>"; };
		F3C6FC002281B730007DE0F2 /* Author.swift */ = {isa = PBXFileReference; lastKnownFileType = sourcecode.swift; path = Author.swift; sourceTree = "<group>"; };
		F3C6FC022281B77B007DE0F2 /* Book.swift */ = {isa = PBXFileReference; lastKnownFileType = sourcecode.swift; path = Book.swift; sourceTree = "<group>"; };
/* End PBXFileReference section */

/* Begin PBXFrameworksBuildPhase section */
		F3C6FBDC2281B48D007DE0F2 /* Frameworks */ = {
			isa = PBXFrameworksBuildPhase;
			buildActionMask = 2147483647;
			files = (
				F3C6FBFA2281B690007DE0F2 /* Graphus.framework in Frameworks */,
			);
			runOnlyForDeploymentPostprocessing = 0;
		};
/* End PBXFrameworksBuildPhase section */

/* Begin PBXGroup section */
		F3C6FBD62281B48D007DE0F2 = {
			isa = PBXGroup;
			children = (
				F3C6FBF42281B689007DE0F2 /* Graphus.xcodeproj */,
				F3C6FBE12281B48D007DE0F2 /* Graphus-Demo */,
				F3C6FBE02281B48D007DE0F2 /* Products */,
			);
			sourceTree = "<group>";
		};
		F3C6FBE02281B48D007DE0F2 /* Products */ = {
			isa = PBXGroup;
			children = (
				F3C6FBDF2281B48D007DE0F2 /* Graphus-Demo.app */,
			);
			name = Products;
			sourceTree = "<group>";
		};
		F3C6FBE12281B48D007DE0F2 /* Graphus-Demo */ = {
			isa = PBXGroup;
			children = (
				F3C6FBFF2281B721007DE0F2 /* Models */,
				F3C6FBE22281B48D007DE0F2 /* AppDelegate.swift */,
				F3C6FBE42281B48D007DE0F2 /* ViewController.swift */,
				F3C6FBE62281B48D007DE0F2 /* Main.storyboard */,
				F3C6FBE92281B48F007DE0F2 /* Assets.xcassets */,
				F3C6FBEB2281B48F007DE0F2 /* LaunchScreen.storyboard */,
				F3C6FBEE2281B48F007DE0F2 /* Info.plist */,
			);
			path = "Graphus-Demo";
			sourceTree = "<group>";
		};
		F3C6FBF52281B689007DE0F2 /* Products */ = {
			isa = PBXGroup;
			children = (
				F3C6FBF92281B689007DE0F2 /* Graphus.framework */,
			);
			name = Products;
			sourceTree = "<group>";
		};
		F3C6FBFF2281B721007DE0F2 /* Models */ = {
			isa = PBXGroup;
			children = (
				F3C6FC002281B730007DE0F2 /* Author.swift */,
				F3C6FC022281B77B007DE0F2 /* Book.swift */,
			);
			path = Models;
			sourceTree = "<group>";
		};
/* End PBXGroup section */

/* Begin PBXNativeTarget section */
		F3C6FBDE2281B48D007DE0F2 /* Graphus-Demo */ = {
			isa = PBXNativeTarget;
			buildConfigurationList = F3C6FBF12281B48F007DE0F2 /* Build configuration list for PBXNativeTarget "Graphus-Demo" */;
			buildPhases = (
				F3C6FBDB2281B48D007DE0F2 /* Sources */,
				F3C6FBDC2281B48D007DE0F2 /* Frameworks */,
				F3C6FBDD2281B48D007DE0F2 /* Resources */,
				F3C6FBFE2281B690007DE0F2 /* Embed Frameworks */,
			);
			buildRules = (
			);
			dependencies = (
				F3C6FBFD2281B690007DE0F2 /* PBXTargetDependency */,
			);
			name = "Graphus-Demo";
			productName = "Graphus-Demo";
			productReference = F3C6FBDF2281B48D007DE0F2 /* Graphus-Demo.app */;
			productType = "com.apple.product-type.application";
		};
/* End PBXNativeTarget section */

/* Begin PBXProject section */
		F3C6FBD72281B48D007DE0F2 /* Project object */ = {
			isa = PBXProject;
			attributes = {
				LastSwiftUpdateCheck = 1020;
				LastUpgradeCheck = 1020;
				ORGANIZATIONNAME = "Ilya Kharlamov";
				TargetAttributes = {
					F3C6FBDE2281B48D007DE0F2 = {
						CreatedOnToolsVersion = 10.2.1;
					};
				};
			};
			buildConfigurationList = F3C6FBDA2281B48D007DE0F2 /* Build configuration list for PBXProject "Graphus-Demo" */;
			compatibilityVersion = "Xcode 9.3";
			developmentRegion = en;
			hasScannedForEncodings = 0;
			knownRegions = (
				en,
				Base,
			);
			mainGroup = F3C6FBD62281B48D007DE0F2;
			productRefGroup = F3C6FBE02281B48D007DE0F2 /* Products */;
			projectDirPath = "";
			projectReferences = (
				{
					ProductGroup = F3C6FBF52281B689007DE0F2 /* Products */;
					ProjectRef = F3C6FBF42281B689007DE0F2 /* Graphus.xcodeproj */;
				},
			);
			projectRoot = "";
			targets = (
				F3C6FBDE2281B48D007DE0F2 /* Graphus-Demo */,
			);
		};
/* End PBXProject section */

/* Begin PBXReferenceProxy section */
		F3C6FBF92281B689007DE0F2 /* Graphus.framework */ = {
			isa = PBXReferenceProxy;
			fileType = wrapper.framework;
			path = Graphus.framework;
			remoteRef = F3C6FBF82281B689007DE0F2 /* PBXContainerItemProxy */;
			sourceTree = BUILT_PRODUCTS_DIR;
		};
/* End PBXReferenceProxy section */

/* Begin PBXResourcesBuildPhase section */
		F3C6FBDD2281B48D007DE0F2 /* Resources */ = {
			isa = PBXResourcesBuildPhase;
			buildActionMask = 2147483647;
			files = (
				F3C6FBED2281B48F007DE0F2 /* LaunchScreen.storyboard in Resources */,
				F3C6FBEA2281B48F007DE0F2 /* Assets.xcassets in Resources */,
				F3C6FBE82281B48D007DE0F2 /* Main.storyboard in Resources */,
			);
			runOnlyForDeploymentPostprocessing = 0;
		};
/* End PBXResourcesBuildPhase section */

/* Begin PBXSourcesBuildPhase section */
		F3C6FBDB2281B48D007DE0F2 /* Sources */ = {
			isa = PBXSourcesBuildPhase;
			buildActionMask = 2147483647;
			files = (
				F3C6FC032281B77B007DE0F2 /* Book.swift in Sources */,
				F3C6FC012281B730007DE0F2 /* Author.swift in Sources */,
				F3C6FBE52281B48D007DE0F2 /* ViewController.swift in Sources */,
				F3C6FBE32281B48D007DE0F2 /* AppDelegate.swift in Sources */,
			);
			runOnlyForDeploymentPostprocessing = 0;
		};
/* End PBXSourcesBuildPhase section */

/* Begin PBXTargetDependency section */
		F3C6FBFD2281B690007DE0F2 /* PBXTargetDependency */ = {
			isa = PBXTargetDependency;
			name = Graphus;
			targetProxy = F3C6FBFC2281B690007DE0F2 /* PBXContainerItemProxy */;
		};
/* End PBXTargetDependency section */

/* Begin PBXVariantGroup section */
		F3C6FBE62281B48D007DE0F2 /* Main.storyboard */ = {
			isa = PBXVariantGroup;
			children = (
				F3C6FBE72281B48D007DE0F2 /* Base */,
			);
			name = Main.storyboard;
			sourceTree = "<group>";
		};
		F3C6FBEB2281B48F007DE0F2 /* LaunchScreen.storyboard */ = {
			isa = PBXVariantGroup;
			children = (
				F3C6FBEC2281B48F007DE0F2 /* Base */,
			);
			name = LaunchScreen.storyboard;
			sourceTree = "<group>";
		};
/* End PBXVariantGroup section */

/* Begin XCBuildConfiguration section */
		F3C6FBEF2281B48F007DE0F2 /* Debug */ = {
			isa = XCBuildConfiguration;
			buildSettings = {
				ALWAYS_SEARCH_USER_PATHS = NO;
				CLANG_ANALYZER_NONNULL = YES;
				CLANG_ANALYZER_NUMBER_OBJECT_CONVERSION = YES_AGGRESSIVE;
				CLANG_CXX_LANGUAGE_STANDARD = "gnu++14";
				CLANG_CXX_LIBRARY = "libc++";
				CLANG_ENABLE_MODULES = YES;
				CLANG_ENABLE_OBJC_ARC = YES;
				CLANG_ENABLE_OBJC_WEAK = YES;
				CLANG_WARN_BLOCK_CAPTURE_AUTORELEASING = YES;
				CLANG_WARN_BOOL_CONVERSION = YES;
				CLANG_WARN_COMMA = YES;
				CLANG_WARN_CONSTANT_CONVERSION = YES;
				CLANG_WARN_DEPRECATED_OBJC_IMPLEMENTATIONS = YES;
				CLANG_WARN_DIRECT_OBJC_ISA_USAGE = YES_ERROR;
				CLANG_WARN_DOCUMENTATION_COMMENTS = YES;
				CLANG_WARN_EMPTY_BODY = YES;
				CLANG_WARN_ENUM_CONVERSION = YES;
				CLANG_WARN_INFINITE_RECURSION = YES;
				CLANG_WARN_INT_CONVERSION = YES;
				CLANG_WARN_NON_LITERAL_NULL_CONVERSION = YES;
				CLANG_WARN_OBJC_IMPLICIT_RETAIN_SELF = YES;
				CLANG_WARN_OBJC_LITERAL_CONVERSION = YES;
				CLANG_WARN_OBJC_ROOT_CLASS = YES_ERROR;
				CLANG_WARN_RANGE_LOOP_ANALYSIS = YES;
				CLANG_WARN_STRICT_PROTOTYPES = YES;
				CLANG_WARN_SUSPICIOUS_MOVE = YES;
				CLANG_WARN_UNGUARDED_AVAILABILITY = YES_AGGRESSIVE;
				CLANG_WARN_UNREACHABLE_CODE = YES;
				CLANG_WARN__DUPLICATE_METHOD_MATCH = YES;
				CODE_SIGN_IDENTITY = "iPhone Developer";
				COPY_PHASE_STRIP = NO;
				DEBUG_INFORMATION_FORMAT = dwarf;
				ENABLE_STRICT_OBJC_MSGSEND = YES;
				ENABLE_TESTABILITY = YES;
				GCC_C_LANGUAGE_STANDARD = gnu11;
				GCC_DYNAMIC_NO_PIC = NO;
				GCC_NO_COMMON_BLOCKS = YES;
				GCC_OPTIMIZATION_LEVEL = 0;
				GCC_PREPROCESSOR_DEFINITIONS = (
					"DEBUG=1",
					"$(inherited)",
				);
				GCC_WARN_64_TO_32_BIT_CONVERSION = YES;
				GCC_WARN_ABOUT_RETURN_TYPE = YES_ERROR;
				GCC_WARN_UNDECLARED_SELECTOR = YES;
				GCC_WARN_UNINITIALIZED_AUTOS = YES_AGGRESSIVE;
				GCC_WARN_UNUSED_FUNCTION = YES;
				GCC_WARN_UNUSED_VARIABLE = YES;
				IPHONEOS_DEPLOYMENT_TARGET = 12.2;
				MTL_ENABLE_DEBUG_INFO = INCLUDE_SOURCE;
				MTL_FAST_MATH = YES;
				ONLY_ACTIVE_ARCH = YES;
				SDKROOT = iphoneos;
				SWIFT_ACTIVE_COMPILATION_CONDITIONS = DEBUG;
				SWIFT_OPTIMIZATION_LEVEL = "-Onone";
			};
			name = Debug;
		};
		F3C6FBF02281B48F007DE0F2 /* Release */ = {
			isa = XCBuildConfiguration;
			buildSettings = {
				ALWAYS_SEARCH_USER_PATHS = NO;
				CLANG_ANALYZER_NONNULL = YES;
				CLANG_ANALYZER_NUMBER_OBJECT_CONVERSION = YES_AGGRESSIVE;
				CLANG_CXX_LANGUAGE_STANDARD = "gnu++14";
				CLANG_CXX_LIBRARY = "libc++";
				CLANG_ENABLE_MODULES = YES;
				CLANG_ENABLE_OBJC_ARC = YES;
				CLANG_ENABLE_OBJC_WEAK = YES;
				CLANG_WARN_BLOCK_CAPTURE_AUTORELEASING = YES;
				CLANG_WARN_BOOL_CONVERSION = YES;
				CLANG_WARN_COMMA = YES;
				CLANG_WARN_CONSTANT_CONVERSION = YES;
				CLANG_WARN_DEPRECATED_OBJC_IMPLEMENTATIONS = YES;
				CLANG_WARN_DIRECT_OBJC_ISA_USAGE = YES_ERROR;
				CLANG_WARN_DOCUMENTATION_COMMENTS = YES;
				CLANG_WARN_EMPTY_BODY = YES;
				CLANG_WARN_ENUM_CONVERSION = YES;
				CLANG_WARN_INFINITE_RECURSION = YES;
				CLANG_WARN_INT_CONVERSION = YES;
				CLANG_WARN_NON_LITERAL_NULL_CONVERSION = YES;
				CLANG_WARN_OBJC_IMPLICIT_RETAIN_SELF = YES;
				CLANG_WARN_OBJC_LITERAL_CONVERSION = YES;
				CLANG_WARN_OBJC_ROOT_CLASS = YES_ERROR;
				CLANG_WARN_RANGE_LOOP_ANALYSIS = YES;
				CLANG_WARN_STRICT_PROTOTYPES = YES;
				CLANG_WARN_SUSPICIOUS_MOVE = YES;
				CLANG_WARN_UNGUARDED_AVAILABILITY = YES_AGGRESSIVE;
				CLANG_WARN_UNREACHABLE_CODE = YES;
				CLANG_WARN__DUPLICATE_METHOD_MATCH = YES;
				CODE_SIGN_IDENTITY = "iPhone Developer";
				COPY_PHASE_STRIP = NO;
				DEBUG_INFORMATION_FORMAT = "dwarf-with-dsym";
				ENABLE_NS_ASSERTIONS = NO;
				ENABLE_STRICT_OBJC_MSGSEND = YES;
				GCC_C_LANGUAGE_STANDARD = gnu11;
				GCC_NO_COMMON_BLOCKS = YES;
				GCC_WARN_64_TO_32_BIT_CONVERSION = YES;
				GCC_WARN_ABOUT_RETURN_TYPE = YES_ERROR;
				GCC_WARN_UNDECLARED_SELECTOR = YES;
				GCC_WARN_UNINITIALIZED_AUTOS = YES_AGGRESSIVE;
				GCC_WARN_UNUSED_FUNCTION = YES;
				GCC_WARN_UNUSED_VARIABLE = YES;
				IPHONEOS_DEPLOYMENT_TARGET = 12.2;
				MTL_ENABLE_DEBUG_INFO = NO;
				MTL_FAST_MATH = YES;
				SDKROOT = iphoneos;
				SWIFT_COMPILATION_MODE = wholemodule;
				SWIFT_OPTIMIZATION_LEVEL = "-O";
				VALIDATE_PRODUCT = YES;
			};
			name = Release;
		};
		F3C6FBF22281B48F007DE0F2 /* Debug */ = {
			isa = XCBuildConfiguration;
			buildSettings = {
				ALWAYS_EMBED_SWIFT_STANDARD_LIBRARIES = YES;
				ASSETCATALOG_COMPILER_APPICON_NAME = AppIcon;
				CODE_SIGN_STYLE = Automatic;
				DEVELOPMENT_TEAM = H93M692V93;
				INFOPLIST_FILE = "Graphus-Demo/Info.plist";
				LD_RUNPATH_SEARCH_PATHS = (
					"$(inherited)",
					"@executable_path/Frameworks",
				);
				PRODUCT_BUNDLE_IDENTIFIER = "com.bluetech.Graphus-Demo";
				PRODUCT_NAME = "$(TARGET_NAME)";
				SWIFT_VERSION = 5.0;
				TARGETED_DEVICE_FAMILY = "1,2";
			};
			name = Debug;
		};
		F3C6FBF32281B48F007DE0F2 /* Release */ = {
			isa = XCBuildConfiguration;
			buildSettings = {
				ALWAYS_EMBED_SWIFT_STANDARD_LIBRARIES = YES;
				ASSETCATALOG_COMPILER_APPICON_NAME = AppIcon;
				CODE_SIGN_STYLE = Automatic;
				DEVELOPMENT_TEAM = H93M692V93;
				INFOPLIST_FILE = "Graphus-Demo/Info.plist";
				LD_RUNPATH_SEARCH_PATHS = (
					"$(inherited)",
					"@executable_path/Frameworks",
				);
				PRODUCT_BUNDLE_IDENTIFIER = "com.bluetech.Graphus-Demo";
				PRODUCT_NAME = "$(TARGET_NAME)";
				SWIFT_VERSION = 5.0;
				TARGETED_DEVICE_FAMILY = "1,2";
			};
			name = Release;
		};
/* End XCBuildConfiguration section */

/* Begin XCConfigurationList section */
		F3C6FBDA2281B48D007DE0F2 /* Build configuration list for PBXProject "Graphus-Demo" */ = {
			isa = XCConfigurationList;
			buildConfigurations = (
				F3C6FBEF2281B48F007DE0F2 /* Debug */,
				F3C6FBF02281B48F007DE0F2 /* Release */,
			);
			defaultConfigurationIsVisible = 0;
			defaultConfigurationName = Release;
		};
		F3C6FBF12281B48F007DE0F2 /* Build configuration list for PBXNativeTarget "Graphus-Demo" */ = {
			isa = XCConfigurationList;
			buildConfigurations = (
				F3C6FBF22281B48F007DE0F2 /* Debug */,
				F3C6FBF32281B48F007DE0F2 /* Release */,
			);
			defaultConfigurationIsVisible = 0;
			defaultConfigurationName = Release;
		};
/* End XCConfigurationList section */
	};
	rootObject = F3C6FBD72281B48D007DE0F2 /* Project object */;
}
